
Microsoft Visual Studio Solution File, Format Version 12.00
# Visual Studio Version 17
VisualStudioVersion = 17.8.34316.72
MinimumVisualStudioVersion = 10.0.40219.1
Project("{FAE04EC0-301F-11D3-BF4B-00C04F79EFBC}") = "DatingAppAPI", "DatingAppAPI\DatingAppAPI.csproj", "{BFB2FA5D-F70A-435C-8DAA-FE2F94110B1F}"
EndProject
Global
	GlobalSection(SolutionConfigurationPlatforms) = preSolution
		Debug|Any CPU = Debug|Any CPU
		Release|Any CPU = Release|Any CPU
	EndGlobalSection
	GlobalSection(ProjectConfigurationPlatforms) = postSolution
		{BFB2FA5D-F70A-435C-8DAA-FE2F94110B1F}.Debug|Any CPU.ActiveCfg = Debug|Any CPU
		{BFB2FA5D-F70A-435C-8DAA-FE2F94110B1F}.Debug|Any CPU.Build.0 = Debug|Any CPU
		{BFB2FA5D-F70A-435C-8DAA-FE2F94110B1F}.Release|Any CPU.ActiveCfg = Release|Any CPU
		{BFB2FA5D-F70A-435C-8DAA-FE2F94110B1F}.Release|Any CPU.Build.0 = Release|Any CPU
	EndGlobalSection
	GlobalSection(SolutionProperties) = preSolution
		HideSolutionNode = FALSE
	EndGlobalSection
	GlobalSection(ExtensibilityGlobals) = postSolution
		SolutionGuid = {8A9C56EF-6CF9-4958-8E55-060658966ABA}
	EndGlobalSection
EndGlobal
